// !$*UTF8*$!
{
	archiveVersion = 1;
	classes = {
	};
	objectVersion = 46;
	objects = {

/* Begin PBXBuildFile section */
		9DFDE2DD1C0E9294007DFE93 /* AppDelegate.swift in Sources */ = {isa = PBXBuildFile; fileRef = 9DFDE2DC1C0E9294007DFE93 /* AppDelegate.swift */; };
		9DFDE2E41C0E9294007DFE93 /* Assets.xcassets in Resources */ = {isa = PBXBuildFile; fileRef = 9DFDE2E31C0E9294007DFE93 /* Assets.xcassets */; };
		9DFDE2E71C0E9294007DFE93 /* LaunchScreen.storyboard in Resources */ = {isa = PBXBuildFile; fileRef = 9DFDE2E51C0E9294007DFE93 /* LaunchScreen.storyboard */; };
		9DFDE2EF1C0E92EA007DFE93 /* HomeViewController.storyboard in Resources */ = {isa = PBXBuildFile; fileRef = 9DFDE2EE1C0E92EA007DFE93 /* HomeViewController.storyboard */; };
		9DFDE2F11C0E9305007DFE93 /* HomeViewController.swift in Sources */ = {isa = PBXBuildFile; fileRef = 9DFDE2F01C0E9305007DFE93 /* HomeViewController.swift */; };
		9DFDE2F31C0E951D007DFE93 /* ItemDetailViewController.swift in Sources */ = {isa = PBXBuildFile; fileRef = 9DFDE2F21C0E951D007DFE93 /* ItemDetailViewController.swift */; };
		9DFDE2F51C0E9535007DFE93 /* ItemDetailViewController.storyboard in Resources */ = {isa = PBXBuildFile; fileRef = 9DFDE2F41C0E9535007DFE93 /* ItemDetailViewController.storyboard */; };
		9DFDE2F71C0E959F007DFE93 /* ProfileViewController.storyboard in Resources */ = {isa = PBXBuildFile; fileRef = 9DFDE2F61C0E959F007DFE93 /* ProfileViewController.storyboard */; };
		9DFDE2F91C0E95AE007DFE93 /* ProfileViewController.swift in Sources */ = {isa = PBXBuildFile; fileRef = 9DFDE2F81C0E95AE007DFE93 /* ProfileViewController.swift */; };
		9DFDE2FB1C0E9676007DFE93 /* SearchSettingsViewController.swift in Sources */ = {isa = PBXBuildFile; fileRef = 9DFDE2FA1C0E9676007DFE93 /* SearchSettingsViewController.swift */; };
		9DFDE2FD1C0E9686007DFE93 /* SearchSettingsViewController.storyboard in Resources */ = {isa = PBXBuildFile; fileRef = 9DFDE2FC1C0E9686007DFE93 /* SearchSettingsViewController.storyboard */; };
		9DFDE3011C0E99CD007DFE93 /* Item.swift in Sources */ = {isa = PBXBuildFile; fileRef = 9DFDE3001C0E99CD007DFE93 /* Item.swift */; };
		9DFDE3031C0E99E0007DFE93 /* Profile.swift in Sources */ = {isa = PBXBuildFile; fileRef = 9DFDE3021C0E99E0007DFE93 /* Profile.swift */; };
/* End PBXBuildFile section */

/* Begin PBXFileReference section */
		9DFDE2D91C0E9294007DFE93 /* NSWindowShopper.app */ = {isa = PBXFileReference; explicitFileType = wrapper.application; includeInIndex = 0; path = NSWindowShopper.app; sourceTree = BUILT_PRODUCTS_DIR; };
		9DFDE2DC1C0E9294007DFE93 /* AppDelegate.swift */ = {isa = PBXFileReference; lastKnownFileType = sourcecode.swift; path = AppDelegate.swift; sourceTree = "<group>"; };
		9DFDE2E31C0E9294007DFE93 /* Assets.xcassets */ = {isa = PBXFileReference; lastKnownFileType = folder.assetcatalog; path = Assets.xcassets; sourceTree = "<group>"; };
		9DFDE2E61C0E9294007DFE93 /* Base */ = {isa = PBXFileReference; lastKnownFileType = file.storyboard; name = Base; path = Base.lproj/LaunchScreen.storyboard; sourceTree = "<group>"; };
		9DFDE2E81C0E9294007DFE93 /* Info.plist */ = {isa = PBXFileReference; lastKnownFileType = text.plist.xml; path = Info.plist; sourceTree = "<group>"; };
		9DFDE2EE1C0E92EA007DFE93 /* HomeViewController.storyboard */ = {isa = PBXFileReference; fileEncoding = 4; lastKnownFileType = file.storyboard; path = HomeViewController.storyboard; sourceTree = "<group>"; };
		9DFDE2F01C0E9305007DFE93 /* HomeViewController.swift */ = {isa = PBXFileReference; fileEncoding = 4; lastKnownFileType = sourcecode.swift; path = HomeViewController.swift; sourceTree = "<group>"; };
		9DFDE2F21C0E951D007DFE93 /* ItemDetailViewController.swift */ = {isa = PBXFileReference; fileEncoding = 4; lastKnownFileType = sourcecode.swift; path = ItemDetailViewController.swift; sourceTree = "<group>"; };
		9DFDE2F41C0E9535007DFE93 /* ItemDetailViewController.storyboard */ = {isa = PBXFileReference; fileEncoding = 4; lastKnownFileType = file.storyboard; path = ItemDetailViewController.storyboard; sourceTree = "<group>"; };
		9DFDE2F61C0E959F007DFE93 /* ProfileViewController.storyboard */ = {isa = PBXFileReference; fileEncoding = 4; lastKnownFileType = file.storyboard; path = ProfileViewController.storyboard; sourceTree = "<group>"; };
		9DFDE2F81C0E95AE007DFE93 /* ProfileViewController.swift */ = {isa = PBXFileReference; fileEncoding = 4; lastKnownFileType = sourcecode.swift; path = ProfileViewController.swift; sourceTree = "<group>"; };
		9DFDE2FA1C0E9676007DFE93 /* SearchSettingsViewController.swift */ = {isa = PBXFileReference; fileEncoding = 4; lastKnownFileType = sourcecode.swift; path = SearchSettingsViewController.swift; sourceTree = "<group>"; };
		9DFDE2FC1C0E9686007DFE93 /* SearchSettingsViewController.storyboard */ = {isa = PBXFileReference; fileEncoding = 4; lastKnownFileType = file.storyboard; path = SearchSettingsViewController.storyboard; sourceTree = "<group>"; };
		9DFDE3001C0E99CD007DFE93 /* Item.swift */ = {isa = PBXFileReference; fileEncoding = 4; lastKnownFileType = sourcecode.swift; path = Item.swift; sourceTree = "<group>"; };
		9DFDE3021C0E99E0007DFE93 /* Profile.swift */ = {isa = PBXFileReference; fileEncoding = 4; lastKnownFileType = sourcecode.swift; path = Profile.swift; sourceTree = "<group>"; };
/* End PBXFileReference section */

/* Begin PBXFrameworksBuildPhase section */
		9DFDE2D61C0E9294007DFE93 /* Frameworks */ = {
			isa = PBXFrameworksBuildPhase;
			buildActionMask = 2147483647;
			files = (
			);
			runOnlyForDeploymentPostprocessing = 0;
		};
/* End PBXFrameworksBuildPhase section */

/* Begin PBXGroup section */
		9DFDE2D01C0E9294007DFE93 = {
			isa = PBXGroup;
			children = (
				9DFDE2DB1C0E9294007DFE93 /* NSWindowShopper */,
				9DFDE2DA1C0E9294007DFE93 /* Products */,
			);
			sourceTree = "<group>";
		};
		9DFDE2DA1C0E9294007DFE93 /* Products */ = {
			isa = PBXGroup;
			children = (
				9DFDE2D91C0E9294007DFE93 /* NSWindowShopper.app */,
			);
			name = Products;
			sourceTree = "<group>";
		};
		9DFDE2DB1C0E9294007DFE93 /* NSWindowShopper */ = {
			isa = PBXGroup;
			children = (
				9DFDE2DC1C0E9294007DFE93 /* AppDelegate.swift */,
				9DFDE2E31C0E9294007DFE93 /* Assets.xcassets */,
				9DFDE2E51C0E9294007DFE93 /* LaunchScreen.storyboard */,
				9DFDE2E81C0E9294007DFE93 /* Info.plist */,
				9DFDE2FF1C0E99BC007DFE93 /* Model */,
				9DFDE2FE1C0E99B1007DFE93 /* Views */,
			);
			path = NSWindowShopper;
			sourceTree = "<group>";
		};
		9DFDE2FE1C0E99B1007DFE93 /* Views */ = {
			isa = PBXGroup;
			children = (
				9DFDE2F01C0E9305007DFE93 /* HomeViewController.swift */,
				9DFDE2EE1C0E92EA007DFE93 /* HomeViewController.storyboard */,
				9DFDE2F21C0E951D007DFE93 /* ItemDetailViewController.swift */,
				9DFDE2F41C0E9535007DFE93 /* ItemDetailViewController.storyboard */,
				9DFDE2F81C0E95AE007DFE93 /* ProfileViewController.swift */,
				9DFDE2F61C0E959F007DFE93 /* ProfileViewController.storyboard */,
				9DFDE2FA1C0E9676007DFE93 /* SearchSettingsViewController.swift */,
				9DFDE2FC1C0E9686007DFE93 /* SearchSettingsViewController.storyboard */,
			);
			name = Views;
			sourceTree = "<group>";
		};
		9DFDE2FF1C0E99BC007DFE93 /* Model */ = {
			isa = PBXGroup;
			children = (
				9DFDE3001C0E99CD007DFE93 /* Item.swift */,
				9DFDE3021C0E99E0007DFE93 /* Profile.swift */,
			);
			name = Model;
			sourceTree = "<group>";
		};
/* End PBXGroup section */

/* Begin PBXNativeTarget section */
		9DFDE2D81C0E9294007DFE93 /* NSWindowShopper */ = {
			isa = PBXNativeTarget;
			buildConfigurationList = 9DFDE2EB1C0E9294007DFE93 /* Build configuration list for PBXNativeTarget "NSWindowShopper" */;
			buildPhases = (
				9DFDE2D51C0E9294007DFE93 /* Sources */,
				9DFDE2D61C0E9294007DFE93 /* Frameworks */,
				9DFDE2D71C0E9294007DFE93 /* Resources */,
			);
			buildRules = (
			);
			dependencies = (
			);
			name = NSWindowShopper;
			productName = NSWindowShopper;
			productReference = 9DFDE2D91C0E9294007DFE93 /* NSWindowShopper.app */;
			productType = "com.apple.product-type.application";
		};
/* End PBXNativeTarget section */

/* Begin PBXProject section */
		9DFDE2D11C0E9294007DFE93 /* Project object */ = {
			isa = PBXProject;
			attributes = {
				LastSwiftUpdateCheck = 0710;
				LastUpgradeCheck = 0710;
				ORGANIZATIONNAME = iGuest;
				TargetAttributes = {
					9DFDE2D81C0E9294007DFE93 = {
						CreatedOnToolsVersion = 7.1;
					};
				};
			};
			buildConfigurationList = 9DFDE2D41C0E9294007DFE93 /* Build configuration list for PBXProject "NSWindowShopper" */;
			compatibilityVersion = "Xcode 3.2";
			developmentRegion = English;
			hasScannedForEncodings = 0;
			knownRegions = (
				en,
				Base,
			);
			mainGroup = 9DFDE2D01C0E9294007DFE93;
			productRefGroup = 9DFDE2DA1C0E9294007DFE93 /* Products */;
			projectDirPath = "";
			projectRoot = "";
			targets = (
				9DFDE2D81C0E9294007DFE93 /* NSWindowShopper */,
			);
		};
/* End PBXProject section */

/* Begin PBXResourcesBuildPhase section */
		9DFDE2D71C0E9294007DFE93 /* Resources */ = {
			isa = PBXResourcesBuildPhase;
			buildActionMask = 2147483647;
			files = (
				9DFDE2EF1C0E92EA007DFE93 /* HomeViewController.storyboard in Resources */,
				9DFDE2E71C0E9294007DFE93 /* LaunchScreen.storyboard in Resources */,
				9DFDE2FD1C0E9686007DFE93 /* SearchSettingsViewController.storyboard in Resources */,
				9DFDE2E41C0E9294007DFE93 /* Assets.xcassets in Resources */,
				9DFDE2F71C0E959F007DFE93 /* ProfileViewController.storyboard in Resources */,
				9DFDE2F51C0E9535007DFE93 /* ItemDetailViewController.storyboard in Resources */,
			);
			runOnlyForDeploymentPostprocessing = 0;
		};
/* End PBXResourcesBuildPhase section */

/* Begin PBXSourcesBuildPhase section */
		9DFDE2D51C0E9294007DFE93 /* Sources */ = {
			isa = PBXSourcesBuildPhase;
			buildActionMask = 2147483647;
			files = (
				9DFDE2DD1C0E9294007DFE93 /* AppDelegate.swift in Sources */,
				9DFDE2F11C0E9305007DFE93 /* HomeViewController.swift in Sources */,
				9DFDE2F91C0E95AE007DFE93 /* ProfileViewController.swift in Sources */,
				9DFDE3031C0E99E0007DFE93 /* Profile.swift in Sources */,
				9DFDE2F31C0E951D007DFE93 /* ItemDetailViewController.swift in Sources */,
				9DFDE3011C0E99CD007DFE93 /* Item.swift in Sources */,
				9DFDE2FB1C0E9676007DFE93 /* SearchSettingsViewController.swift in Sources */,
			);
			runOnlyForDeploymentPostprocessing = 0;
		};
/* End PBXSourcesBuildPhase section */

/* Begin PBXVariantGroup section */
		9DFDE2E51C0E9294007DFE93 /* LaunchScreen.storyboard */ = {
			isa = PBXVariantGroup;
			children = (
				9DFDE2E61C0E9294007DFE93 /* Base */,
			);
			name = LaunchScreen.storyboard;
			sourceTree = "<group>";
		};
/* End PBXVariantGroup section */

/* Begin XCBuildConfiguration section */
		9DFDE2E91C0E9294007DFE93 /* Debug */ = {
			isa = XCBuildConfiguration;
			buildSettings = {
				ALWAYS_SEARCH_USER_PATHS = NO;
				CLANG_CXX_LANGUAGE_STANDARD = "gnu++0x";
				CLANG_CXX_LIBRARY = "libc++";
				CLANG_ENABLE_MODULES = YES;
				CLANG_ENABLE_OBJC_ARC = YES;
				CLANG_WARN_BOOL_CONVERSION = YES;
				CLANG_WARN_CONSTANT_CONVERSION = YES;
				CLANG_WARN_DIRECT_OBJC_ISA_USAGE = YES_ERROR;
				CLANG_WARN_EMPTY_BODY = YES;
				CLANG_WARN_ENUM_CONVERSION = YES;
				CLANG_WARN_INT_CONVERSION = YES;
				CLANG_WARN_OBJC_ROOT_CLASS = YES_ERROR;
				CLANG_WARN_UNREACHABLE_CODE = YES;
				CLANG_WARN__DUPLICATE_METHOD_MATCH = YES;
				"CODE_SIGN_IDENTITY[sdk=iphoneos*]" = "iPhone Developer";
				COPY_PHASE_STRIP = NO;
				DEBUG_INFORMATION_FORMAT = dwarf;
				ENABLE_STRICT_OBJC_MSGSEND = YES;
				ENABLE_TESTABILITY = YES;
				GCC_C_LANGUAGE_STANDARD = gnu99;
				GCC_DYNAMIC_NO_PIC = NO;
				GCC_NO_COMMON_BLOCKS = YES;
				GCC_OPTIMIZATION_LEVEL = 0;
				GCC_PREPROCESSOR_DEFINITIONS = (
					"DEBUG=1",
					"$(inherited)",
				);
				GCC_WARN_64_TO_32_BIT_CONVERSION = YES;
				GCC_WARN_ABOUT_RETURN_TYPE = YES_ERROR;
				GCC_WARN_UNDECLARED_SELECTOR = YES;
				GCC_WARN_UNINITIALIZED_AUTOS = YES_AGGRESSIVE;
				GCC_WARN_UNUSED_FUNCTION = YES;
				GCC_WARN_UNUSED_VARIABLE = YES;
				IPHONEOS_DEPLOYMENT_TARGET = 9.1;
				MTL_ENABLE_DEBUG_INFO = YES;
				ONLY_ACTIVE_ARCH = YES;
				SDKROOT = iphoneos;
				SWIFT_OPTIMIZATION_LEVEL = "-Onone";
			};
			name = Debug;
		};
		9DFDE2EA1C0E9294007DFE93 /* Release */ = {
			isa = XCBuildConfiguration;
			buildSettings = {
				ALWAYS_SEARCH_USER_PATHS = NO;
				CLANG_CXX_LANGUAGE_STANDARD = "gnu++0x";
				CLANG_CXX_LIBRARY = "libc++";
				CLANG_ENABLE_MODULES = YES;
				CLANG_ENABLE_OBJC_ARC = YES;
				CLANG_WARN_BOOL_CONVERSION = YES;
				CLANG_WARN_CONSTANT_CONVERSION = YES;
				CLANG_WARN_DIRECT_OBJC_ISA_USAGE = YES_ERROR;
				CLANG_WARN_EMPTY_BODY = YES;
				CLANG_WARN_ENUM_CONVERSION = YES;
				CLANG_WARN_INT_CONVERSION = YES;
				CLANG_WARN_OBJC_ROOT_CLASS = YES_ERROR;
				CLANG_WARN_UNREACHABLE_CODE = YES;
				CLANG_WARN__DUPLICATE_METHOD_MATCH = YES;
				"CODE_SIGN_IDENTITY[sdk=iphoneos*]" = "iPhone Developer";
				COPY_PHASE_STRIP = NO;
				DEBUG_INFORMATION_FORMAT = "dwarf-with-dsym";
				ENABLE_NS_ASSERTIONS = NO;
				ENABLE_STRICT_OBJC_MSGSEND = YES;
				GCC_C_LANGUAGE_STANDARD = gnu99;
				GCC_NO_COMMON_BLOCKS = YES;
				GCC_WARN_64_TO_32_BIT_CONVERSION = YES;
				GCC_WARN_ABOUT_RETURN_TYPE = YES_ERROR;
				GCC_WARN_UNDECLARED_SELECTOR = YES;
				GCC_WARN_UNINITIALIZED_AUTOS = YES_AGGRESSIVE;
				GCC_WARN_UNUSED_FUNCTION = YES;
				GCC_WARN_UNUSED_VARIABLE = YES;
				IPHONEOS_DEPLOYMENT_TARGET = 9.1;
				MTL_ENABLE_DEBUG_INFO = NO;
				SDKROOT = iphoneos;
				VALIDATE_PRODUCT = YES;
			};
			name = Release;
		};
		9DFDE2EC1C0E9294007DFE93 /* Debug */ = {
			isa = XCBuildConfiguration;
			buildSettings = {
				ASSETCATALOG_COMPILER_APPICON_NAME = AppIcon;
				INFOPLIST_FILE = NSWindowShopper/Info.plist;
				LD_RUNPATH_SEARCH_PATHS = "$(inherited) @executable_path/Frameworks";
				PRODUCT_BUNDLE_IDENTIFIER = windowShopper.NSWindowShopper;
				PRODUCT_NAME = "$(TARGET_NAME)";
			};
			name = Debug;
		};
		9DFDE2ED1C0E9294007DFE93 /* Release */ = {
			isa = XCBuildConfiguration;
			buildSettings = {
				ASSETCATALOG_COMPILER_APPICON_NAME = AppIcon;
				INFOPLIST_FILE = NSWindowShopper/Info.plist;
				LD_RUNPATH_SEARCH_PATHS = "$(inherited) @executable_path/Frameworks";
				PRODUCT_BUNDLE_IDENTIFIER = windowShopper.NSWindowShopper;
				PRODUCT_NAME = "$(TARGET_NAME)";
			};
			name = Release;
		};
/* End XCBuildConfiguration section */

/* Begin XCConfigurationList section */
		9DFDE2D41C0E9294007DFE93 /* Build configuration list for PBXProject "NSWindowShopper" */ = {
			isa = XCConfigurationList;
			buildConfigurations = (
				9DFDE2E91C0E9294007DFE93 /* Debug */,
				9DFDE2EA1C0E9294007DFE93 /* Release */,
			);
			defaultConfigurationIsVisible = 0;
			defaultConfigurationName = Release;
		};
		9DFDE2EB1C0E9294007DFE93 /* Build configuration list for PBXNativeTarget "NSWindowShopper" */ = {
			isa = XCConfigurationList;
			buildConfigurations = (
				9DFDE2EC1C0E9294007DFE93 /* Debug */,
				9DFDE2ED1C0E9294007DFE93 /* Release */,
			);
			defaultConfigurationIsVisible = 0;
		};
/* End XCConfigurationList section */
	};
	rootObject = 9DFDE2D11C0E9294007DFE93 /* Project object */;
}
